
Microsoft Visual Studio Solution File, Format Version 12.00
# Visual Studio Version 17
VisualStudioVersion = 17.2.32616.157
MinimumVisualStudioVersion = 10.0.40219.1
Project("{2150E333-8FDC-42A3-9474-1A3956D46DE8}") = "DAL", "DAL", "{9BF66981-73E3-4FB5-B7B8-5AE19453A90E}"
EndProject
Project("{2150E333-8FDC-42A3-9474-1A3956D46DE8}") = "Services", "Services", "{83207F2A-C40C-4429-875B-3FD437C5C560}"
EndProject
Project("{2150E333-8FDC-42A3-9474-1A3956D46DE8}") = "Tests", "Tests", "{6E9D7CBC-DAEA-4EA3-9911-B57F952D50BF}"
EndProject
Project("{2150E333-8FDC-42A3-9474-1A3956D46DE8}") = "Domain", "Domain", "{963822FC-A398-4A37-8C8C-155D368FFF2D}"
EndProject
Project("{9A19103F-16F7-4668-BE54-9A1E7A4F7556}") = "Money.WebAPI", "Money.WebAPI\Money.WebAPI.csproj", "{FC9D7296-FA92-49F4-B88C-B3770EDD8051}"
EndProject
Project("{9A19103F-16F7-4668-BE54-9A1E7A4F7556}") = "Money.EF", "DAL\Money.EF\Money.EF.csproj", "{E767F84B-DC01-4916-A012-38A66141CCAD}"
	ProjectSection(ProjectDependencies) = postProject
		{ED58AD52-0B6E-4128-B98A-52B80143B035} = {ED58AD52-0B6E-4128-B98A-52B80143B035}
	EndProjectSection
EndProject
Project("{FAE04EC0-301F-11D3-BF4B-00C04F79EFBC}") = "Money.Domain", "Domain\Money.Domain\Money.Domain.csproj", "{ED58AD52-0B6E-4128-B98A-52B80143B035}"
EndProject
Global
	GlobalSection(SolutionConfigurationPlatforms) = preSolution
		Debug|Any CPU = Debug|Any CPU
		Release|Any CPU = Release|Any CPU
	EndGlobalSection
	GlobalSection(ProjectConfigurationPlatforms) = postSolution
		{FC9D7296-FA92-49F4-B88C-B3770EDD8051}.Debug|Any CPU.ActiveCfg = Debug|Any CPU
		{FC9D7296-FA92-49F4-B88C-B3770EDD8051}.Debug|Any CPU.Build.0 = Debug|Any CPU
		{FC9D7296-FA92-49F4-B88C-B3770EDD8051}.Release|Any CPU.ActiveCfg = Release|Any CPU
		{FC9D7296-FA92-49F4-B88C-B3770EDD8051}.Release|Any CPU.Build.0 = Release|Any CPU
		{E767F84B-DC01-4916-A012-38A66141CCAD}.Debug|Any CPU.ActiveCfg = Debug|Any CPU
		{E767F84B-DC01-4916-A012-38A66141CCAD}.Debug|Any CPU.Build.0 = Debug|Any CPU
		{E767F84B-DC01-4916-A012-38A66141CCAD}.Release|Any CPU.ActiveCfg = Release|Any CPU
		{E767F84B-DC01-4916-A012-38A66141CCAD}.Release|Any CPU.Build.0 = Release|Any CPU
		{ED58AD52-0B6E-4128-B98A-52B80143B035}.Debug|Any CPU.ActiveCfg = Debug|Any CPU
		{ED58AD52-0B6E-4128-B98A-52B80143B035}.Debug|Any CPU.Build.0 = Debug|Any CPU
		{ED58AD52-0B6E-4128-B98A-52B80143B035}.Release|Any CPU.ActiveCfg = Release|Any CPU
		{ED58AD52-0B6E-4128-B98A-52B80143B035}.Release|Any CPU.Build.0 = Release|Any CPU
	EndGlobalSection
	GlobalSection(SolutionProperties) = preSolution
		HideSolutionNode = FALSE
	EndGlobalSection
	GlobalSection(NestedProjects) = preSolution
		{E767F84B-DC01-4916-A012-38A66141CCAD} = {9BF66981-73E3-4FB5-B7B8-5AE19453A90E}
		{ED58AD52-0B6E-4128-B98A-52B80143B035} = {963822FC-A398-4A37-8C8C-155D368FFF2D}
	EndGlobalSection
	GlobalSection(ExtensibilityGlobals) = postSolution
		SolutionGuid = {A4623E10-6612-434A-8693-8C820E6469CB}
	EndGlobalSection
EndGlobal
